<?xml version="1.0" encoding="utf-8"?>
<Project ToolsVersion="4.0" xmlns="http://schemas.microsoft.com/developer/msbuild/2003">
  <ItemGroup>
    <Filter Include="Файлы исходного кода">
      <UniqueIdentifier>{4FC737F1-C7A5-4376-A066-2A32D752A2FF}</UniqueIdentifier>
      <Extensions>cpp;c;cc;cxx;def;odl;idl;hpj;bat;asm;asmx</Extensions>
    </Filter>
    <Filter Include="Заголовочные файлы">
      <UniqueIdentifier>{93995380-89BD-4b04-88EB-625FBE52EBFB}</UniqueIdentifier>
      <Extensions>h;hh;hpp;hxx;hm;inl;inc;xsd</Extensions>
    </Filter>
    <Filter Include="Файлы ресурсов">
      <UniqueIdentifier>{67DA6AB6-F800-4c08-8B7A-83BB121AAD01}</UniqueIdentifier>
      <Extensions>rc;ico;cur;bmp;dlg;rc2;rct;bin;rgs;gif;jpg;jpeg;jpe;resx;tiff;tif;png;wav;mfcribbon-ms</Extensions>
    </Filter>
    <Filter Include="Файлы ресурсов\Chips">
      <UniqueIdentifier>{9fee7faa-26cb-4e2e-a316-154de6c422d2}</UniqueIdentifier>
    </Filter>
    <Filter Include="Файлы ресурсов\Field_BackGrounds">
      <UniqueIdentifier>{f0ae2e67-d4cd-4e08-8703-2f6a53437ce1}</UniqueIdentifier>
    </Filter>
    <Filter Include="Файлы ресурсов\Field_BackGrounds\Squares">
      <UniqueIdentifier>{e5015e58-a97b-4b8d-a3f6-e5c5a851b63e}</UniqueIdentifier>
    </Filter>
    <Filter Include="Файлы ресурсов\Field_BackGrounds\Full_Boards">
      <UniqueIdentifier>{ba9aa5a3-f40a-491d-ac74-80eeeb8b94a8}</UniqueIdentifier>
    </Filter>
    <Filter Include="Файлы ресурсов\Buttons">
      <UniqueIdentifier>{382829b6-8c02-4648-952c-4311b2cbe4c0}</UniqueIdentifier>
    </Filter>
    <Filter Include="Файлы ресурсов\StatusBoard">
      <UniqueIdentifier>{2691fdcb-e7c5-45d8-a7ed-d49874d51739}</UniqueIdentifier>
    </Filter>
  </ItemGroup>
  <ItemGroup>
    <ClInclude Include="MainForm.h">
      <Filter>Заголовочные файлы</Filter>
    </ClInclude>
    <ClInclude Include="ViewController.h">
      <Filter>Заголовочные файлы</Filter>
    </ClInclude>
    <ClInclude Include="Model.h">
      <Filter>Заголовочные файлы</Filter>
    </ClInclude>
  </ItemGroup>
  <ItemGroup>
    <ClCompile Include="MainForm.cpp">
      <Filter>Файлы исходного кода</Filter>
    </ClCompile>
    <ClCompile Include="MainFunction.cpp">
      <Filter>Файлы исходного кода</Filter>
    </ClCompile>
    <ClCompile Include="ViewController.cpp">
      <Filter>Файлы исходного кода</Filter>
    </ClCompile>
    <ClCompile Include="Model.cpp">
      <Filter>Файлы исходного кода</Filter>
    </ClCompile>
  </ItemGroup>
  <ItemGroup>
    <EmbeddedResource Include="MainForm.resx">
      <Filter>Файлы ресурсов</Filter>
    </EmbeddedResource>
  </ItemGroup>
  <ItemGroup>
    <Image Include="VC_Resources\Chips\Chip_1.png">
      <Filter>Файлы ресурсов\Chips</Filter>
    </Image>
    <Image Include="VC_Resources\Chips\Chip_2.png">
      <Filter>Файлы ресурсов\Chips</Filter>
    </Image>
    <Image Include="VC_Resources\Chips\Chip_Blue_S.png">
      <Filter>Файлы ресурсов\Chips</Filter>
    </Image>
    <Image Include="VC_Resources\Chips\Chip_Orig.png">
      <Filter>Файлы ресурсов\Chips</Filter>
    </Image>
    <Image Include="VC_Resources\Chips\Chip_Red.png">
      <Filter>Файлы ресурсов\Chips</Filter>
    </Image>
    <Image Include="VC_Resources\Chips\Chip_Red_S.png">
      <Filter>Файлы ресурсов\Chips</Filter>
    </Image>
    <Image Include="VC_Resources\Chips\Chip_1_s.png">
      <Filter>Файлы ресурсов\Chips</Filter>
    </Image>
    <Image Include="VC_Resources\Chips\Chip_2_s.png">
      <Filter>Файлы ресурсов\Chips</Filter>
    </Image>
    <Image Include="VC_Resources\Chips\Chip_Blue.png">
      <Filter>Файлы ресурсов\Chips</Filter>
    </Image>
    <Image Include="VC_Resources\Field_BackGrounds\Full_Boards\Board_1.jpg">
      <Filter>Файлы ресурсов\Field_BackGrounds\Full_Boards</Filter>
    </Image>
    <Image Include="VC_Resources\Field_BackGrounds\Full_Boards\Board_2.png">
      <Filter>Файлы ресурсов\Field_BackGrounds\Full_Boards</Filter>
    </Image>
    <Image Include="VC_Resources\Field_BackGrounds\Full_Boards\Board_3.png">
      <Filter>Файлы ресурсов\Field_BackGrounds\Full_Boards</Filter>
    </Image>
    <Image Include="VC_Resources\Field_BackGrounds\Squares\Field_1_b.png">
      <Filter>Файлы ресурсов\Field_BackGrounds\Squares</Filter>
    </Image>
    <Image Include="VC_Resources\Field_BackGrounds\Squares\Field_1_w.png">
      <Filter>Файлы ресурсов\Field_BackGrounds\Squares</Filter>
    </Image>
    <Image Include="VC_Resources\Field_BackGrounds\Full_Boards\Board_4.png">
      <Filter>Файлы ресурсов\Field_BackGrounds\Full_Boards</Filter>
    </Image>
    <Image Include="VC_Resources\Field_BackGrounds\Full_Boards\Board_5.png">
      <Filter>Файлы ресурсов\Field_BackGrounds\Full_Boards</Filter>
    </Image>
    <Image Include="VC_Resources\Field_BackGrounds\Squares\Null.png">
      <Filter>Файлы ресурсов\Field_BackGrounds\Squares</Filter>
    </Image>
    <Image Include="VC_Resources\Chips\Chip.png">
      <Filter>Файлы ресурсов\Chips</Filter>
    </Image>
    <Image Include="VC_Resources\Buttons\Button_1.png">
      <Filter>Файлы ресурсов\Buttons</Filter>
    </Image>
    <Image Include="VC_Resources\Buttons\Button_2.png">
      <Filter>Файлы ресурсов\Buttons</Filter>
    </Image>
    <Image Include="VC_Resources\Buttons\Button_3.png">
      <Filter>Файлы ресурсов\Buttons</Filter>
    </Image>
    <Image Include="VC_Resources\Buttons\Button_4.png">
      <Filter>Файлы ресурсов\Buttons</Filter>
    </Image>
    <Image Include="VC_Resources\Buttons\Button_5.png">
      <Filter>Файлы ресурсов\Buttons</Filter>
    </Image>
    <Image Include="VC_Resources\Buttons\Button_6.png">
      <Filter>Файлы ресурсов\Buttons</Filter>
    </Image>
    <Image Include="VC_Resources\Buttons\Button_7.png">
      <Filter>Файлы ресурсов\Buttons</Filter>
    </Image>
    <Image Include="VC_Resources\Buttons\ExitButton_1.gif">
      <Filter>Файлы ресурсов\Buttons</Filter>
    </Image>
    <Image Include="VC_Resources\StatusBar\Border.png">
      <Filter>Файлы ресурсов\StatusBoard</Filter>
    </Image>
  </ItemGroup>
</Project>